
Microsoft Visual Studio Solution File, Format Version 12.00
# Visual Studio 2013
VisualStudioVersion = 12.0.31101.0
MinimumVisualStudioVersion = 10.0.40219.1
Project("{FAE04EC0-301F-11D3-BF4B-00C04F79EFBC}") = "cis237inclass6", "cis237inclass6\cis237inclass6.csproj", "{141535EA-DF7C-4FD6-94D4-C63FFFAA1AB1}"
EndProject
Project("{FAE04EC0-301F-11D3-BF4B-00C04F79EFBC}") = "cis237inclass6.Tests", "cis237inclass6.Tests\cis237inclass6.Tests.csproj", "{0B480CE7-B164-4FAB-AC80-B84FD0BD63D6}"
EndProject
Global
	GlobalSection(SolutionConfigurationPlatforms) = preSolution
		Debug|Any CPU = Debug|Any CPU
		Release|Any CPU = Release|Any CPU
	EndGlobalSection
	GlobalSection(ProjectConfigurationPlatforms) = postSolution
		{141535EA-DF7C-4FD6-94D4-C63FFFAA1AB1}.Debug|Any CPU.ActiveCfg = Debug|Any CPU
		{141535EA-DF7C-4FD6-94D4-C63FFFAA1AB1}.Debug|Any CPU.Build.0 = Debug|Any CPU
		{141535EA-DF7C-4FD6-94D4-C63FFFAA1AB1}.Release|Any CPU.ActiveCfg = Release|Any CPU
		{141535EA-DF7C-4FD6-94D4-C63FFFAA1AB1}.Release|Any CPU.Build.0 = Release|Any CPU
		{0B480CE7-B164-4FAB-AC80-B84FD0BD63D6}.Debug|Any CPU.ActiveCfg = Debug|Any CPU
		{0B480CE7-B164-4FAB-AC80-B84FD0BD63D6}.Debug|Any CPU.Build.0 = Debug|Any CPU
		{0B480CE7-B164-4FAB-AC80-B84FD0BD63D6}.Release|Any CPU.ActiveCfg = Release|Any CPU
		{0B480CE7-B164-4FAB-AC80-B84FD0BD63D6}.Release|Any CPU.Build.0 = Release|Any CPU
	EndGlobalSection
	GlobalSection(SolutionProperties) = preSolution
		HideSolutionNode = FALSE
	EndGlobalSection
EndGlobal
